
Microsoft Visual Studio Solution File, Format Version 12.00
# Visual Studio Version 17
VisualStudioVersion = 17.13.35931.197 d17.13
MinimumVisualStudioVersion = 10.0.40219.1
Project("{FAE04EC0-301F-11D3-BF4B-00C04F79EFBC}") = "VC_Territory", "VC_Territory.csproj", "{CA432279-42D5-4AE8-8ACA-F74CE5E0B523}"
EndProject
Global
	GlobalSection(SolutionConfigurationPlatforms) = preSolution
		Debug|Any CPU = Debug|Any CPU
		Release|Any CPU = Release|Any CPU
	EndGlobalSection
	GlobalSection(ProjectConfigurationPlatforms) = postSolution
		{CA432279-42D5-4AE8-8ACA-F74CE5E0B523}.Debug|Any CPU.ActiveCfg = Debug|Any CPU
		{CA432279-42D5-4AE8-8ACA-F74CE5E0B523}.Debug|Any CPU.Build.0 = Debug|Any CPU
		{CA432279-42D5-4AE8-8ACA-F74CE5E0B523}.Release|Any CPU.ActiveCfg = Release|Any CPU
		{CA432279-42D5-4AE8-8ACA-F74CE5E0B523}.Release|Any CPU.Build.0 = Release|Any CPU
	EndGlobalSection
	GlobalSection(SolutionProperties) = preSolution
		HideSolutionNode = FALSE
	EndGlobalSection
	GlobalSection(ExtensibilityGlobals) = postSolution
		SolutionGuid = {C7B52AE4-7DC9-41D0-B035-091DAEB5821C}
	EndGlobalSection
EndGlobal
